
Microsoft Visual Studio Solution File, Format Version 12.00
# Visual Studio Version 16
VisualStudioVersion = 16.0.30002.166
MinimumVisualStudioVersion = 10.0.40219.1
Project("{FAE04EC0-301F-11D3-BF4B-00C04F79EFBC}") = "OdeToFood.Web", "OdeToFood.Web\OdeToFood.Web.csproj", "{DA61052F-691A-4B58-8651-4E43C66960A6}"
EndProject
Project("{FAE04EC0-301F-11D3-BF4B-00C04F79EFBC}") = "OdeToFood.Data", "OdeToFood.Data\OdeToFood.Data.csproj", "{C0B8675D-1F1C-4562-8A76-18D2A54C40D3}"
EndProject
Global
	GlobalSection(SolutionConfigurationPlatforms) = preSolution
		Debug|Any CPU = Debug|Any CPU
		Release|Any CPU = Release|Any CPU
	EndGlobalSection
	GlobalSection(ProjectConfigurationPlatforms) = postSolution
		{DA61052F-691A-4B58-8651-4E43C66960A6}.Debug|Any CPU.ActiveCfg = Debug|Any CPU
		{DA61052F-691A-4B58-8651-4E43C66960A6}.Debug|Any CPU.Build.0 = Debug|Any CPU
		{DA61052F-691A-4B58-8651-4E43C66960A6}.Release|Any CPU.ActiveCfg = Release|Any CPU
		{DA61052F-691A-4B58-8651-4E43C66960A6}.Release|Any CPU.Build.0 = Release|Any CPU
		{C0B8675D-1F1C-4562-8A76-18D2A54C40D3}.Debug|Any CPU.ActiveCfg = Debug|Any CPU
		{C0B8675D-1F1C-4562-8A76-18D2A54C40D3}.Debug|Any CPU.Build.0 = Debug|Any CPU
		{C0B8675D-1F1C-4562-8A76-18D2A54C40D3}.Release|Any CPU.ActiveCfg = Release|Any CPU
		{C0B8675D-1F1C-4562-8A76-18D2A54C40D3}.Release|Any CPU.Build.0 = Release|Any CPU
	EndGlobalSection
	GlobalSection(SolutionProperties) = preSolution
		HideSolutionNode = FALSE
	EndGlobalSection
	GlobalSection(ExtensibilityGlobals) = postSolution
		SolutionGuid = {D9C36D85-3633-4E97-BDA6-837658C8C4CE}
	EndGlobalSection
EndGlobal
